
Microsoft Visual Studio Solution File, Format Version 12.00
# Visual Studio Version 16
VisualStudioVersion = 16.0.32126.315
MinimumVisualStudioVersion = 10.0.40219.1
Project("{FAE04EC0-301F-11D3-BF4B-00C04F79EFBC}") = "QgisJYBuildWFA", "QgisJYBuildWFA\QgisJYBuildWFA.csproj", "{69172828-E716-4AFE-BA84-6248E544B16C}"
EndProject
Global
	GlobalSection(SolutionConfigurationPlatforms) = preSolution
		Debug|Any CPU = Debug|Any CPU
		Release|Any CPU = Release|Any CPU
	EndGlobalSection
	GlobalSection(ProjectConfigurationPlatforms) = postSolution
		{69172828-E716-4AFE-BA84-6248E544B16C}.Debug|Any CPU.ActiveCfg = Debug|Any CPU
		{69172828-E716-4AFE-BA84-6248E544B16C}.Debug|Any CPU.Build.0 = Debug|Any CPU
		{69172828-E716-4AFE-BA84-6248E544B16C}.Release|Any CPU.ActiveCfg = Release|Any CPU
		{69172828-E716-4AFE-BA84-6248E544B16C}.Release|Any CPU.Build.0 = Release|Any CPU
	EndGlobalSection
	GlobalSection(SolutionProperties) = preSolution
		HideSolutionNode = FALSE
	EndGlobalSection
	GlobalSection(ExtensibilityGlobals) = postSolution
		SolutionGuid = {999D8A61-EEAD-4EBD-AC02-A231B401CF69}
	EndGlobalSection
EndGlobal
