
Microsoft Visual Studio Solution File, Format Version 12.00
# Visual Studio Version 16
VisualStudioVersion = 16.0.32126.315
MinimumVisualStudioVersion = 10.0.40219.1
Project("{FAE04EC0-301F-11D3-BF4B-00C04F79EFBC}") = "SRTTypeCSA", "SRTTypeCSA\SRTTypeCSA.csproj", "{2CA83418-317E-4FE5-A444-956E1E1B626A}"
EndProject
Global
	GlobalSection(SolutionConfigurationPlatforms) = preSolution
		Debug|Any CPU = Debug|Any CPU
		Release|Any CPU = Release|Any CPU
	EndGlobalSection
	GlobalSection(ProjectConfigurationPlatforms) = postSolution
		{2CA83418-317E-4FE5-A444-956E1E1B626A}.Debug|Any CPU.ActiveCfg = Debug|Any CPU
		{2CA83418-317E-4FE5-A444-956E1E1B626A}.Debug|Any CPU.Build.0 = Debug|Any CPU
		{2CA83418-317E-4FE5-A444-956E1E1B626A}.Release|Any CPU.ActiveCfg = Release|Any CPU
		{2CA83418-317E-4FE5-A444-956E1E1B626A}.Release|Any CPU.Build.0 = Release|Any CPU
	EndGlobalSection
	GlobalSection(SolutionProperties) = preSolution
		HideSolutionNode = FALSE
	EndGlobalSection
	GlobalSection(ExtensibilityGlobals) = postSolution
		SolutionGuid = {61539F79-C6C0-4C9F-BD59-F4F2FF2A280E}
	EndGlobalSection
EndGlobal
