
Microsoft Visual Studio Solution File, Format Version 12.00
# Visual Studio Version 16
VisualStudioVersion = 16.0.32126.315
MinimumVisualStudioVersion = 10.0.40219.1
Project("{FAE04EC0-301F-11D3-BF4B-00C04F79EFBC}") = "DataNormalizationWFA", "DataNormalizationWFA\DataNormalizationWFA.csproj", "{C4540467-BDA7-4F8C-A090-E1B4F1A6A15C}"
EndProject
Global
	GlobalSection(SolutionConfigurationPlatforms) = preSolution
		Debug|Any CPU = Debug|Any CPU
		Release|Any CPU = Release|Any CPU
	EndGlobalSection
	GlobalSection(ProjectConfigurationPlatforms) = postSolution
		{C4540467-BDA7-4F8C-A090-E1B4F1A6A15C}.Debug|Any CPU.ActiveCfg = Debug|Any CPU
		{C4540467-BDA7-4F8C-A090-E1B4F1A6A15C}.Debug|Any CPU.Build.0 = Debug|Any CPU
		{C4540467-BDA7-4F8C-A090-E1B4F1A6A15C}.Release|Any CPU.ActiveCfg = Release|Any CPU
		{C4540467-BDA7-4F8C-A090-E1B4F1A6A15C}.Release|Any CPU.Build.0 = Release|Any CPU
	EndGlobalSection
	GlobalSection(SolutionProperties) = preSolution
		HideSolutionNode = FALSE
	EndGlobalSection
	GlobalSection(ExtensibilityGlobals) = postSolution
		SolutionGuid = {8E7EB09E-C926-4E39-A3FC-42567B415632}
	EndGlobalSection
EndGlobal
