
Microsoft Visual Studio Solution File, Format Version 12.00
# Visual Studio Version 16
VisualStudioVersion = 16.0.32126.315
MinimumVisualStudioVersion = 10.0.40219.1
Project("{FAE04EC0-301F-11D3-BF4B-00C04F79EFBC}") = "HZRecordCSA", "HZRecordCSA\HZRecordCSA.csproj", "{418DFA75-2DE2-448D-8C4F-D8C92D63A385}"
EndProject
Global
	GlobalSection(SolutionConfigurationPlatforms) = preSolution
		Debug|Any CPU = Debug|Any CPU
		Release|Any CPU = Release|Any CPU
	EndGlobalSection
	GlobalSection(ProjectConfigurationPlatforms) = postSolution
		{418DFA75-2DE2-448D-8C4F-D8C92D63A385}.Debug|Any CPU.ActiveCfg = Debug|Any CPU
		{418DFA75-2DE2-448D-8C4F-D8C92D63A385}.Debug|Any CPU.Build.0 = Debug|Any CPU
		{418DFA75-2DE2-448D-8C4F-D8C92D63A385}.Release|Any CPU.ActiveCfg = Release|Any CPU
		{418DFA75-2DE2-448D-8C4F-D8C92D63A385}.Release|Any CPU.Build.0 = Release|Any CPU
	EndGlobalSection
	GlobalSection(SolutionProperties) = preSolution
		HideSolutionNode = FALSE
	EndGlobalSection
	GlobalSection(ExtensibilityGlobals) = postSolution
		SolutionGuid = {1B79E908-1ED9-4157-ACA2-6CB58AAD60E2}
	EndGlobalSection
EndGlobal
