
Microsoft Visual Studio Solution File, Format Version 12.00
# Visual Studio Version 16
VisualStudioVersion = 16.0.32126.315
MinimumVisualStudioVersion = 10.0.40219.1
Project("{FAE04EC0-301F-11D3-BF4B-00C04F79EFBC}") = "ReferAutoCSA", "ReferAutoCSA\ReferAutoCSA.csproj", "{A91B461C-8AE8-4D64-9FD8-9B599F3762CC}"
EndProject
Global
	GlobalSection(SolutionConfigurationPlatforms) = preSolution
		Debug|Any CPU = Debug|Any CPU
		Release|Any CPU = Release|Any CPU
	EndGlobalSection
	GlobalSection(ProjectConfigurationPlatforms) = postSolution
		{A91B461C-8AE8-4D64-9FD8-9B599F3762CC}.Debug|Any CPU.ActiveCfg = Debug|Any CPU
		{A91B461C-8AE8-4D64-9FD8-9B599F3762CC}.Debug|Any CPU.Build.0 = Debug|Any CPU
		{A91B461C-8AE8-4D64-9FD8-9B599F3762CC}.Release|Any CPU.ActiveCfg = Release|Any CPU
		{A91B461C-8AE8-4D64-9FD8-9B599F3762CC}.Release|Any CPU.Build.0 = Release|Any CPU
	EndGlobalSection
	GlobalSection(SolutionProperties) = preSolution
		HideSolutionNode = FALSE
	EndGlobalSection
	GlobalSection(ExtensibilityGlobals) = postSolution
		SolutionGuid = {5206E2F6-8FE4-4F8B-88D5-5DB70C6F806A}
	EndGlobalSection
EndGlobal
