
Microsoft Visual Studio Solution File, Format Version 12.00
# Visual Studio Version 16
VisualStudioVersion = 16.0.32126.315
MinimumVisualStudioVersion = 10.0.40219.1
Project("{FAE04EC0-301F-11D3-BF4B-00C04F79EFBC}") = "SVMGeoWFA", "SVMGeoWFA\SVMGeoWFA.csproj", "{077C4D35-7A3E-462A-91F7-4745BACE16FE}"
EndProject
Global
	GlobalSection(SolutionConfigurationPlatforms) = preSolution
		Debug|Any CPU = Debug|Any CPU
		Release|Any CPU = Release|Any CPU
	EndGlobalSection
	GlobalSection(ProjectConfigurationPlatforms) = postSolution
		{077C4D35-7A3E-462A-91F7-4745BACE16FE}.Debug|Any CPU.ActiveCfg = Debug|Any CPU
		{077C4D35-7A3E-462A-91F7-4745BACE16FE}.Debug|Any CPU.Build.0 = Debug|Any CPU
		{077C4D35-7A3E-462A-91F7-4745BACE16FE}.Release|Any CPU.ActiveCfg = Release|Any CPU
		{077C4D35-7A3E-462A-91F7-4745BACE16FE}.Release|Any CPU.Build.0 = Release|Any CPU
	EndGlobalSection
	GlobalSection(SolutionProperties) = preSolution
		HideSolutionNode = FALSE
	EndGlobalSection
	GlobalSection(ExtensibilityGlobals) = postSolution
		SolutionGuid = {5A20DE6E-C331-42CC-9F12-C0EBE0D75AE5}
	EndGlobalSection
EndGlobal
